
Microsoft Visual Studio Solution File, Format Version 12.00
# Visual Studio Version 17
VisualStudioVersion = 17.8.34330.188
MinimumVisualStudioVersion = 10.0.40219.1
Project("{9A19103F-16F7-4668-BE54-9A1E7A4F7556}") = "REMNANT", "REMNANT.csproj", "{599B14A2-5806-43F7-BE38-9FC79D1F0E07}"
EndProject
Project("{9A19103F-16F7-4668-BE54-9A1E7A4F7556}") = "Firehose", "Firehose\Firehose.csproj", "{E42339EC-99C9-4207-AFD6-E5F6DA00CB0E}"
EndProject
Project("{FAE04EC0-301F-11D3-BF4B-00C04F79EFBC}") = "HYDRANT", "HYDRANT\HYDRANT\HYDRANT.csproj", "{68F038BD-1B85-4A9D-AEFC-26BC6F89D29E}"
EndProject
Global
	GlobalSection(SolutionConfigurationPlatforms) = preSolution
		Debug|Any CPU = Debug|Any CPU
		Debug|x64 = Debug|x64
		Release|Any CPU = Release|Any CPU
		Release|x64 = Release|x64
	EndGlobalSection
	GlobalSection(ProjectConfigurationPlatforms) = postSolution
		{599B14A2-5806-43F7-BE38-9FC79D1F0E07}.Debug|Any CPU.ActiveCfg = Debug|Any CPU
		{599B14A2-5806-43F7-BE38-9FC79D1F0E07}.Debug|Any CPU.Build.0 = Debug|Any CPU
		{599B14A2-5806-43F7-BE38-9FC79D1F0E07}.Debug|Any CPU.Deploy.0 = Debug|Any CPU
		{599B14A2-5806-43F7-BE38-9FC79D1F0E07}.Debug|x64.ActiveCfg = Debug|Any CPU
		{599B14A2-5806-43F7-BE38-9FC79D1F0E07}.Debug|x64.Build.0 = Debug|Any CPU
		{599B14A2-5806-43F7-BE38-9FC79D1F0E07}.Debug|x64.Deploy.0 = Debug|Any CPU
		{599B14A2-5806-43F7-BE38-9FC79D1F0E07}.Release|Any CPU.ActiveCfg = Release|Any CPU
		{599B14A2-5806-43F7-BE38-9FC79D1F0E07}.Release|Any CPU.Build.0 = Release|Any CPU
		{599B14A2-5806-43F7-BE38-9FC79D1F0E07}.Release|Any CPU.Deploy.0 = Release|Any CPU
		{599B14A2-5806-43F7-BE38-9FC79D1F0E07}.Release|x64.ActiveCfg = Release|Any CPU
		{599B14A2-5806-43F7-BE38-9FC79D1F0E07}.Release|x64.Build.0 = Release|Any CPU
		{599B14A2-5806-43F7-BE38-9FC79D1F0E07}.Release|x64.Deploy.0 = Release|Any CPU
		{E42339EC-99C9-4207-AFD6-E5F6DA00CB0E}.Debug|Any CPU.ActiveCfg = Debug|Any CPU
		{E42339EC-99C9-4207-AFD6-E5F6DA00CB0E}.Debug|Any CPU.Build.0 = Debug|Any CPU
		{E42339EC-99C9-4207-AFD6-E5F6DA00CB0E}.Debug|x64.ActiveCfg = Debug|x64
		{E42339EC-99C9-4207-AFD6-E5F6DA00CB0E}.Debug|x64.Build.0 = Debug|x64
		{E42339EC-99C9-4207-AFD6-E5F6DA00CB0E}.Release|Any CPU.ActiveCfg = Release|Any CPU
		{E42339EC-99C9-4207-AFD6-E5F6DA00CB0E}.Release|Any CPU.Build.0 = Release|Any CPU
		{E42339EC-99C9-4207-AFD6-E5F6DA00CB0E}.Release|x64.ActiveCfg = Release|x64
		{E42339EC-99C9-4207-AFD6-E5F6DA00CB0E}.Release|x64.Build.0 = Release|x64
		{68F038BD-1B85-4A9D-AEFC-26BC6F89D29E}.Debug|Any CPU.ActiveCfg = Debug|Any CPU
		{68F038BD-1B85-4A9D-AEFC-26BC6F89D29E}.Debug|Any CPU.Build.0 = Debug|Any CPU
		{68F038BD-1B85-4A9D-AEFC-26BC6F89D29E}.Debug|x64.ActiveCfg = Debug|Any CPU
		{68F038BD-1B85-4A9D-AEFC-26BC6F89D29E}.Debug|x64.Build.0 = Debug|Any CPU
		{68F038BD-1B85-4A9D-AEFC-26BC6F89D29E}.Release|Any CPU.ActiveCfg = Release|Any CPU
		{68F038BD-1B85-4A9D-AEFC-26BC6F89D29E}.Release|Any CPU.Build.0 = Release|Any CPU
		{68F038BD-1B85-4A9D-AEFC-26BC6F89D29E}.Release|x64.ActiveCfg = Release|Any CPU
		{68F038BD-1B85-4A9D-AEFC-26BC6F89D29E}.Release|x64.Build.0 = Release|Any CPU
	EndGlobalSection
	GlobalSection(SolutionProperties) = preSolution
		HideSolutionNode = FALSE
	EndGlobalSection
	GlobalSection(ExtensibilityGlobals) = postSolution
		SolutionGuid = {0FC7E284-CD1C-4ACA-94F8-E80AC2346B4C}
	EndGlobalSection
EndGlobal
